{
    "version": 3,
    "terraform_version": "0.7.0",
    "serial": 15,
    "lineage": "6a484544-d05b-4afc-b336-18e849eb66e3",
    "modules": [
        {
            "path": [
                "root"
            ],
            "outputs": {},
            "resources": {
                "digitalocean_droplet.capital-web": {
                    "type": "digitalocean_droplet",
                    "depends_on": [
                        "digitalocean_ssh_key.default"
                    ],
                    "primary": {
                        "id": "21594400",
                        "attributes": {
                            "id": "21594400",
                            "image": "ubuntu-14-04-x64",
                            "ipv4_address": "46.101.118.95",
                            "locked": "false",
                            "name": "capital-web",
                            "region": "fra1",
                            "size": "512mb",
                            "ssh_keys.#": "1",
                            "ssh_keys.0": "03:f4:68:56:88:43:d4:42:70:3f:d9:fd:fc:b8:6d:9d",
                            "status": "active",
                            "tags.#": "0"
                        }
                    }
                },
                "digitalocean_floating_ip.publicIp": {
                    "type": "digitalocean_floating_ip",
                    "depends_on": [
                        "digitalocean_droplet.capital-web",
                        "digitalocean_droplet.capital-web"
                    ],
                    "primary": {
                        "id": "46.101.69.31",
                        "attributes": {
                            "droplet_id": "21594400",
                            "id": "46.101.69.31",
                            "ip_address": "46.101.69.31",
                            "region": "fra1"
                        }
                    }
                },
                "digitalocean_ssh_key.default": {
                    "type": "digitalocean_ssh_key",
                    "primary": {
                        "id": "2695408",
                        "attributes": {
                            "fingerprint": "03:f4:68:56:88:43:d4:42:70:3f:d9:fd:fc:b8:6d:9d",
                            "id": "2695408",
                            "name": "Terraform SSH",
                            "public_key": "ssh-rsa AAAAB3NzaC1yc2EAAAADAQABAAABAQCrIatHGfGB3Y5tDNE6P5JBSllq4Dw+K/6IfHcmhlcU8rKX2Dgbt+w+zwoRelZZ1TKezbZerZ7Ee2QVATcuOw0uAfQ8Gm0wQCWh7M7iuksXhT1OsQEWr+C0wVZFN69uPdCy22BhDe3Db3VYnp1lc2MgBpYzfss9KeNwsyzMteE7rOG9YW1onKGW7Fvfq/Ge9F++0AijqJ2n2TQTFp3WVoe8B5+mL+3rbrq+zy6eT9ftujGy8LcXZC71E7bemLJRUJAu0QprYGAUN1eweuWQoSojCRYJxDZnBX2lw9s4Ro3SpExrh/OjDfdbk2vTuhj0Ph25phUIAmkVMCAxsXIprpg1 EDUARDSI@EduardSi.local"
                        }
                    }
                }
            }
        }
    ]
}
